%{
  "formular": {:hex, :formular, "0.3.2", "c8de12f0ae3d19041aea32f7d7818c1a682d3debfe9a2bec31210f215066d997", [:mix], [], "hexpm", "21033007c72a54a70b7b2dde51375940730a4b9599329c3f8720c194fa1f7548"},
  "html_entities": {:hex, :html_entities, "0.5.2", "9e47e70598da7de2a9ff6af8758399251db6dbb7eebe2b013f2bbd2515895c3c", [:mix], [], "hexpm", "c53ba390403485615623b9531e97696f076ed415e8d8058b1dbaa28181f4fdcc"},
  "makeup": {:hex, :makeup, "1.1.0", "6b67c8bc2882a6b6a445859952a602afc1a41c2e08379ca057c0f525366fc3ca", [:mix], [{:nimble_parsec, "~> 1.2.2 or ~> 1.3", [hex: :nimble_parsec, repo: "hexpm", optional: false]}], "hexpm", "0a45ed501f4a8897f580eabf99a2e5234ea3e75a4373c8a52824f6e873be57a6"},
  "makeup_elixir": {:hex, :makeup_elixir, "0.16.1", "cc9e3ca312f1cfeccc572b37a09980287e243648108384b97ff2b76e505c3555", [:mix], [{:makeup, "~> 1.0", [hex: :makeup, repo: "hexpm", optional: false]}, {:nimble_parsec, "~> 1.2.3 or ~> 1.3", [hex: :nimble_parsec, repo: "hexpm", optional: false]}], "hexpm", "e127a341ad1b209bd80f7bd1620a15693a9908ed780c3b763bccf7d200c767c6"},
  "nimble_parsec": {:hex, :nimble_parsec, "1.3.0", "9e18a119d9efc3370a3ef2a937bf0b24c088d9c4bf0ba9d7c3751d49d347d035", [:mix], [], "hexpm", "7977f183127a7cbe9346981e2f480dc04c55ffddaef746bd58debd566070eef8"},
  "tablex": {:hex, :tablex, "0.1.1-alpha.2", "eb2258ef9388e0161ef517d5cf6563b9e508202383115697a47b9f15ef8ebbef", [:mix], [{:formular, "~> 0.3", [hex: :formular, repo: "hexpm", optional: false]}, {:nimble_parsec, "~> 1.3", [hex: :nimble_parsec, repo: "hexpm", optional: false]}], "hexpm", "5ef107d428409691359a4c6f228211e22317b0141505c3c2758a197783ee7b58"},
}
